
Microsoft Visual Studio Solution File, Format Version 12.00
# Visual Studio Version 16
VisualStudioVersion = 16.0.29215.179
MinimumVisualStudioVersion = 10.0.40219.1
Project("{FAE04EC0-301F-11D3-BF4B-00C04F79EFBC}") = "VehicleService", "VehicleService\VehicleService.csproj", "{DF3EC525-BC02-48B9-8650-8852AF7773E7}"
EndProject
Global
	GlobalSection(SolutionConfigurationPlatforms) = preSolution
		Debug|Any CPU = Debug|Any CPU
		Release|Any CPU = Release|Any CPU
	EndGlobalSection
	GlobalSection(ProjectConfigurationPlatforms) = postSolution
		{DF3EC525-BC02-48B9-8650-8852AF7773E7}.Debug|Any CPU.ActiveCfg = Debug|Any CPU
		{DF3EC525-BC02-48B9-8650-8852AF7773E7}.Debug|Any CPU.Build.0 = Debug|Any CPU
		{DF3EC525-BC02-48B9-8650-8852AF7773E7}.Release|Any CPU.ActiveCfg = Release|Any CPU
		{DF3EC525-BC02-48B9-8650-8852AF7773E7}.Release|Any CPU.Build.0 = Release|Any CPU
	EndGlobalSection
	GlobalSection(SolutionProperties) = preSolution
		HideSolutionNode = FALSE
	EndGlobalSection
	GlobalSection(ExtensibilityGlobals) = postSolution
		SolutionGuid = {9D9D459E-79CE-47A5-9FEC-E39E74419AB8}
	EndGlobalSection
EndGlobal
